# @generated - this file is auto-generated by `mise lock` https://mise.jdx.dev/dev-tools/mise-lock.html

[[tools.actionlint]]
version = "1.7.12"
backend = "aqua:rhysd/actionlint"

[tools.actionlint."platforms.linux-arm64"]
checksum = "sha256:325e971b6ba9bfa504672e29be93c24981eeb1c07576d730e9f7c8805afff0c6"
url = "https://github.com/rhysd/actionlint/releases/download/v1.7.12/actionlint_1.7.12_linux_arm64.tar.gz"
url_api = "https://api.github.com/repos/rhysd/actionlint/releases/assets/384924897"
provenance = "github-attestations"

[tools.actionlint."platforms.linux-arm64-musl"]
checksum = "sha256:325e971b6ba9bfa504672e29be93c24981eeb1c07576d730e9f7c8805afff0c6"
url = "https://github.com/rhysd/actionlint/releases/download/v1.7.12/actionlint_1.7.12_linux_arm64.tar.gz"
url_api = "https://api.github.com/repos/rhysd/actionlint/releases/assets/384924897"
provenance = "github-attestations"

[tools.actionlint."platforms.linux-x64"]
checksum = "sha256:8aca8db96f1b94770f1b0d72b6dddcb1ebb8123cb3712530b08cc387b349a3d8"
url = "https://github.com/rhysd/actionlint/releases/download/v1.7.12/actionlint_1.7.12_linux_amd64.tar.gz"
url_api = "https://api.github.com/repos/rhysd/actionlint/releases/assets/384924896"
provenance = "github-attestations"

[tools.actionlint."platforms.linux-x64-musl"]
checksum = "sha256:8aca8db96f1b94770f1b0d72b6dddcb1ebb8123cb3712530b08cc387b349a3d8"
url = "https://github.com/rhysd/actionlint/releases/download/v1.7.12/actionlint_1.7.12_linux_amd64.tar.gz"
url_api = "https://api.github.com/repos/rhysd/actionlint/releases/assets/384924896"
provenance = "github-attestations"

[tools.actionlint."platforms.macos-arm64"]
checksum = "sha256:aba9ced2dee8d27fecca3dc7feb1a7f9a52caefa1eb46f3271ea66b6e0e6953f"
url = "https://github.com/rhysd/actionlint/releases/download/v1.7.12/actionlint_1.7.12_darwin_arm64.tar.gz"
url_api = "https://api.github.com/repos/rhysd/actionlint/releases/assets/384924893"
provenance = "github-attestations"

[tools.actionlint."platforms.macos-x64"]
checksum = "sha256:5b44c3bc2255115c9b69e30efc0fecdf498fdb63c5d58e17084fd5f16324c644"
url = "https://github.com/rhysd/actionlint/releases/download/v1.7.12/actionlint_1.7.12_darwin_amd64.tar.gz"
url_api = "https://api.github.com/repos/rhysd/actionlint/releases/assets/384924880"
provenance = "github-attestations"

[tools.actionlint."platforms.windows-x64"]
checksum = "sha256:6e7241b51e6817ea6a047693d8e6fed13b31819c9a0dd6c5a726e1592d22f6e9"
url = "https://github.com/rhysd/actionlint/releases/download/v1.7.12/actionlint_1.7.12_windows_amd64.zip"
url_api = "https://api.github.com/repos/rhysd/actionlint/releases/assets/384924919"
provenance = "github-attestations"

[[tools.betterleaks]]
version = "1.8.1"
backend = "aqua:betterleaks/betterleaks"

[tools.betterleaks."platforms.linux-arm64"]
checksum = "sha256:bbb578b12a2f65d7082ab436abf37724232bc71d8a078e3c41336574420f1b48"
url = "https://github.com/betterleaks/betterleaks/releases/download/v1.8.1/betterleaks_1.8.1_linux_arm64.tar.gz"
url_api = "https://api.github.com/repos/betterleaks/betterleaks/releases/assets/519981771"
provenance = "cosign"

[tools.betterleaks."platforms.linux-arm64-musl"]
checksum = "sha256:bbb578b12a2f65d7082ab436abf37724232bc71d8a078e3c41336574420f1b48"
url = "https://github.com/betterleaks/betterleaks/releases/download/v1.8.1/betterleaks_1.8.1_linux_arm64.tar.gz"
url_api = "https://api.github.com/repos/betterleaks/betterleaks/releases/assets/519981771"
provenance = "cosign"

[tools.betterleaks."platforms.linux-x64"]
checksum = "sha256:efa407244e1ea8e35f582b8a42becdeac08bdead04f68eb752adda722d583c2a"
url = "https://github.com/betterleaks/betterleaks/releases/download/v1.8.1/betterleaks_1.8.1_linux_x64.tar.gz"
url_api = "https://api.github.com/repos/betterleaks/betterleaks/releases/assets/519981768"
provenance = "cosign"

[tools.betterleaks."platforms.linux-x64-musl"]
checksum = "sha256:efa407244e1ea8e35f582b8a42becdeac08bdead04f68eb752adda722d583c2a"
url = "https://github.com/betterleaks/betterleaks/releases/download/v1.8.1/betterleaks_1.8.1_linux_x64.tar.gz"
url_api = "https://api.github.com/repos/betterleaks/betterleaks/releases/assets/519981768"
provenance = "cosign"

[tools.betterleaks."platforms.macos-arm64"]
checksum = "sha256:8e80f33b5f2a7426b390347b9fd466033723cb94b6bdffa7572632e2eaec964e"
url = "https://github.com/betterleaks/betterleaks/releases/download/v1.8.1/betterleaks_1.8.1_darwin_arm64.tar.gz"
url_api = "https://api.github.com/repos/betterleaks/betterleaks/releases/assets/519981770"
provenance = "cosign"

[tools.betterleaks."platforms.macos-x64"]
checksum = "sha256:6abc37df76f881cffae406aa2cec72bea6e6ae64b4e771b3ed21b4aac472ed10"
url = "https://github.com/betterleaks/betterleaks/releases/download/v1.8.1/betterleaks_1.8.1_darwin_x64.tar.gz"
url_api = "https://api.github.com/repos/betterleaks/betterleaks/releases/assets/519981772"
provenance = "cosign"

[tools.betterleaks."platforms.windows-x64"]
checksum = "sha256:94310d028285a1bcce7f160bc19eb62f87de6460c95bfd4319151ef5b501ed3f"
url = "https://github.com/betterleaks/betterleaks/releases/download/v1.8.1/betterleaks_1.8.1_windows_x64.zip"
url_api = "https://api.github.com/repos/betterleaks/betterleaks/releases/assets/519981798"
provenance = "cosign"

[[tools.ghalint]]
version = "1.5.6"
backend = "aqua:suzuki-shunsuke/ghalint"

[tools.ghalint."platforms.linux-arm64"]
checksum = "sha256:203a22c70b40bb161626973ad2a8dd06aeb736699fc8e03dd425dee8ff3406e6"
url = "https://github.com/suzuki-shunsuke/ghalint/releases/download/v1.5.6/ghalint_1.5.6_linux_arm64.tar.gz"
url_api = "https://api.github.com/repos/suzuki-shunsuke/ghalint/releases/assets/409631231"

[tools.ghalint."platforms.linux-arm64".provenance.slsa]
url = "https://github.com/suzuki-shunsuke/ghalint/releases/download/v1.5.6/multiple.intoto.jsonl"

[tools.ghalint."platforms.linux-arm64-musl"]
checksum = "sha256:203a22c70b40bb161626973ad2a8dd06aeb736699fc8e03dd425dee8ff3406e6"
url = "https://github.com/suzuki-shunsuke/ghalint/releases/download/v1.5.6/ghalint_1.5.6_linux_arm64.tar.gz"
url_api = "https://api.github.com/repos/suzuki-shunsuke/ghalint/releases/assets/409631231"

[tools.ghalint."platforms.linux-arm64-musl".provenance.slsa]
url = "https://github.com/suzuki-shunsuke/ghalint/releases/download/v1.5.6/multiple.intoto.jsonl"

[tools.ghalint."platforms.linux-x64"]
checksum = "sha256:98ee0e3330de7286f470d1e89c03ff7ce70d7a5998ba0f15969c400447be579c"
url = "https://github.com/suzuki-shunsuke/ghalint/releases/download/v1.5.6/ghalint_1.5.6_linux_amd64.tar.gz"
url_api = "https://api.github.com/repos/suzuki-shunsuke/ghalint/releases/assets/409631220"

[tools.ghalint."platforms.linux-x64".provenance.slsa]
url = "https://github.com/suzuki-shunsuke/ghalint/releases/download/v1.5.6/multiple.intoto.jsonl"

[tools.ghalint."platforms.linux-x64-musl"]
checksum = "sha256:98ee0e3330de7286f470d1e89c03ff7ce70d7a5998ba0f15969c400447be579c"
url = "https://github.com/suzuki-shunsuke/ghalint/releases/download/v1.5.6/ghalint_1.5.6_linux_amd64.tar.gz"
url_api = "https://api.github.com/repos/suzuki-shunsuke/ghalint/releases/assets/409631220"

[tools.ghalint."platforms.linux-x64-musl".provenance.slsa]
url = "https://github.com/suzuki-shunsuke/ghalint/releases/download/v1.5.6/multiple.intoto.jsonl"

[tools.ghalint."platforms.macos-arm64"]
checksum = "sha256:1262cac411e27b4653e6b66b7b06580ebcc2026fdd903e12e6cb0e4591639de6"
url = "https://github.com/suzuki-shunsuke/ghalint/releases/download/v1.5.6/ghalint_1.5.6_darwin_arm64.tar.gz"
url_api = "https://api.github.com/repos/suzuki-shunsuke/ghalint/releases/assets/409631219"

[tools.ghalint."platforms.macos-arm64".provenance.slsa]
url = "https://github.com/suzuki-shunsuke/ghalint/releases/download/v1.5.6/multiple.intoto.jsonl"

[tools.ghalint."platforms.macos-x64"]
checksum = "sha256:d2a0e8605333068065dcf4c9b7b7a24891eda1750ac01fb755dfba426a390883"
url = "https://github.com/suzuki-shunsuke/ghalint/releases/download/v1.5.6/ghalint_1.5.6_darwin_amd64.tar.gz"
url_api = "https://api.github.com/repos/suzuki-shunsuke/ghalint/releases/assets/409631204"

[tools.ghalint."platforms.macos-x64".provenance.slsa]
url = "https://github.com/suzuki-shunsuke/ghalint/releases/download/v1.5.6/multiple.intoto.jsonl"

[tools.ghalint."platforms.windows-x64"]
checksum = "sha256:109ea9b39c8e263cef924bd3b4fe5505964204f934ca60d986f4090d01a99ba5"
url = "https://github.com/suzuki-shunsuke/ghalint/releases/download/v1.5.6/ghalint_1.5.6_windows_amd64.zip"
url_api = "https://api.github.com/repos/suzuki-shunsuke/ghalint/releases/assets/409631234"

[tools.ghalint."platforms.windows-x64".provenance.slsa]
url = "https://github.com/suzuki-shunsuke/ghalint/releases/download/v1.5.6/multiple.intoto.jsonl"

[[tools."github:gechr/clover"]]
version = "0.4.3"
backend = "github:gechr/clover"

[tools."github:gechr/clover"."platforms.linux-arm64"]
checksum = "sha256:712c571df97dc9b81e37cf43f898a220db81ef7f2b7ecee742f55b8e92784bdd"
url = "https://github.com/gechr/clover/releases/download/v0.4.3/clover_linux_arm64.tar.gz"
url_api = "https://api.github.com/repos/gechr/clover/releases/assets/495877860"

[tools."github:gechr/clover"."platforms.linux-arm64-musl"]
checksum = "sha256:712c571df97dc9b81e37cf43f898a220db81ef7f2b7ecee742f55b8e92784bdd"
url = "https://github.com/gechr/clover/releases/download/v0.4.3/clover_linux_arm64.tar.gz"
url_api = "https://api.github.com/repos/gechr/clover/releases/assets/495877860"

[tools."github:gechr/clover"."platforms.linux-x64"]
checksum = "sha256:9f5ea96c291d45ee0351becac4f2437bb3837ef50a05ab4499a24eb8080d8242"
url = "https://github.com/gechr/clover/releases/download/v0.4.3/clover_linux_amd64.tar.gz"
url_api = "https://api.github.com/repos/gechr/clover/releases/assets/495877862"

[tools."github:gechr/clover"."platforms.linux-x64-musl"]
checksum = "sha256:9f5ea96c291d45ee0351becac4f2437bb3837ef50a05ab4499a24eb8080d8242"
url = "https://github.com/gechr/clover/releases/download/v0.4.3/clover_linux_amd64.tar.gz"
url_api = "https://api.github.com/repos/gechr/clover/releases/assets/495877862"

[tools."github:gechr/clover"."platforms.macos-arm64"]
checksum = "sha256:b0f5c8282710294e1c44a283c04f0cea62ba6ad4df3f07a01fa4454ee57859d1"
url = "https://github.com/gechr/clover/releases/download/v0.4.3/clover_darwin_arm64.tar.gz"
url_api = "https://api.github.com/repos/gechr/clover/releases/assets/495877859"

[tools."github:gechr/clover"."platforms.macos-x64"]
checksum = "sha256:d1dc889db867339aa11134a8269712b06bf35046a059cb7bfe25e9d81d6d1bd0"
url = "https://github.com/gechr/clover/releases/download/v0.4.3/clover_darwin_amd64.tar.gz"
url_api = "https://api.github.com/repos/gechr/clover/releases/assets/495877861"

[tools."github:gechr/clover"."platforms.windows-x64"]
checksum = "sha256:b99efbc534b6b54a285b10b7782c53d2594076b9a70bff7d5c1b9741253d8b3c"
url = "https://github.com/gechr/clover/releases/download/v0.4.3/clover_windows_amd64.zip"
url_api = "https://api.github.com/repos/gechr/clover/releases/assets/495877869"

[[tools.go]]
version = "1.27.1"
backend = "core:go"

[tools.go."platforms.linux-arm64"]
checksum = "sha256:3450b45a3f9ee8568792736a5c5e70a1f2e9b36c35a8f74958c03e51d7d92bec"
url = "https://dl.google.com/go/go1.27.1.linux-arm64.tar.gz"

[tools.go."platforms.linux-arm64-musl"]
checksum = "sha256:3450b45a3f9ee8568792736a5c5e70a1f2e9b36c35a8f74958c03e51d7d92bec"
url = "https://dl.google.com/go/go1.27.1.linux-arm64.tar.gz"

[tools.go."platforms.linux-x64"]
checksum = "sha256:63d339f0da5ab53635a56f2490a7984dfe12dfcff22ad749f63edaf590168445"
url = "https://dl.google.com/go/go1.27.1.linux-amd64.tar.gz"

[tools.go."platforms.linux-x64-musl"]
checksum = "sha256:63d339f0da5ab53635a56f2490a7984dfe12dfcff22ad749f63edaf590168445"
url = "https://dl.google.com/go/go1.27.1.linux-amd64.tar.gz"

[tools.go."platforms.macos-arm64"]
checksum = "sha256:ee215d57e0ec269c60cc9ceca68e6bda321ba9ee5afe24f4b0988703c2d87d12"
url = "https://dl.google.com/go/go1.27.1.darwin-arm64.tar.gz"

[tools.go."platforms.macos-x64"]
checksum = "sha256:8f8f52c6649542cf027bbc9b9c68d1ec042f9f34808a40413f0b8b3f66f3caa4"
url = "https://dl.google.com/go/go1.27.1.darwin-amd64.tar.gz"

[tools.go."platforms.windows-x64"]
checksum = "sha256:a3911b5e0e1b1053f25ed0675f4c1c6aad1e2bfcf253df2b9be4caabd2edd95d"
url = "https://dl.google.com/go/go1.27.1.windows-amd64.zip"

[[tools.golangci-lint]]
version = "2.13.2"
backend = "aqua:golangci/golangci-lint"

[tools.golangci-lint."platforms.linux-arm64"]
checksum = "sha256:a2a4e0065aa41be71f7c5ac90f271b61751331e5d04314e62afe4027855f0893"
url = "https://github.com/golangci/golangci-lint/releases/download/v2.13.2/golangci-lint-2.13.2-linux-arm64.tar.gz"
url_api = "https://api.github.com/repos/golangci/golangci-lint/releases/assets/532995442"
provenance = "github-attestations"

[tools.golangci-lint."platforms.linux-arm64-musl"]
checksum = "sha256:a2a4e0065aa41be71f7c5ac90f271b61751331e5d04314e62afe4027855f0893"
url = "https://github.com/golangci/golangci-lint/releases/download/v2.13.2/golangci-lint-2.13.2-linux-arm64.tar.gz"
url_api = "https://api.github.com/repos/golangci/golangci-lint/releases/assets/532995442"
provenance = "github-attestations"

[tools.golangci-lint."platforms.linux-x64"]
checksum = "sha256:2277d43b98ec0054280f2ac26b53268bae97682444678a59a657dd565da021d6"
url = "https://github.com/golangci/golangci-lint/releases/download/v2.13.2/golangci-lint-2.13.2-linux-amd64.tar.gz"
url_api = "https://api.github.com/repos/golangci/golangci-lint/releases/assets/532995333"
provenance = "github-attestations"

[tools.golangci-lint."platforms.linux-x64-musl"]
checksum = "sha256:2277d43b98ec0054280f2ac26b53268bae97682444678a59a657dd565da021d6"
url = "https://github.com/golangci/golangci-lint/releases/download/v2.13.2/golangci-lint-2.13.2-linux-amd64.tar.gz"
url_api = "https://api.github.com/repos/golangci/golangci-lint/releases/assets/532995333"
provenance = "github-attestations"

[tools.golangci-lint."platforms.macos-arm64"]
checksum = "sha256:f4bf83f0b64f055c42b28fc9a38861839f69c096e61c788e72dfaae412011789"
url = "https://github.com/golangci/golangci-lint/releases/download/v2.13.2/golangci-lint-2.13.2-darwin-arm64.tar.gz"
url_api = "https://api.github.com/repos/golangci/golangci-lint/releases/assets/532995398"
provenance = "github-attestations"

[tools.golangci-lint."platforms.macos-x64"]
checksum = "sha256:8a13aaf9cbbb1dee52824e862cf0d0720e5bb97c1f4260d1e51623a09492b57b"
url = "https://github.com/golangci/golangci-lint/releases/download/v2.13.2/golangci-lint-2.13.2-darwin-amd64.tar.gz"
url_api = "https://api.github.com/repos/golangci/golangci-lint/releases/assets/532995222"
provenance = "github-attestations"

[tools.golangci-lint."platforms.windows-x64"]
checksum = "sha256:4735fdc8e84a0cfb7a15a1c364a650942f88215e0d36c674ebc4024f7b554524"
url = "https://github.com/golangci/golangci-lint/releases/download/v2.13.2/golangci-lint-2.13.2-windows-amd64.zip"
url_api = "https://api.github.com/repos/golangci/golangci-lint/releases/assets/532995335"
provenance = "github-attestations"

[[tools.goreleaser]]
version = "2.18.1"
backend = "aqua:goreleaser/goreleaser"

[tools.goreleaser."platforms.linux-arm64"]
checksum = "sha256:93dba7614308e167158bd26978e8275971fd4b9147e7f3c687a64f5939d42d27"
url = "https://github.com/goreleaser/goreleaser/releases/download/v2.18.1/goreleaser_Linux_arm64.tar.gz"
url_api = "https://api.github.com/repos/goreleaser/goreleaser/releases/assets/546377096"
provenance = "github-attestations"

[tools.goreleaser."platforms.linux-arm64-musl"]
checksum = "sha256:93dba7614308e167158bd26978e8275971fd4b9147e7f3c687a64f5939d42d27"
url = "https://github.com/goreleaser/goreleaser/releases/download/v2.18.1/goreleaser_Linux_arm64.tar.gz"
url_api = "https://api.github.com/repos/goreleaser/goreleaser/releases/assets/546377096"
provenance = "github-attestations"

[tools.goreleaser."platforms.linux-x64"]
checksum = "sha256:0c6122af0ad8fd65638889bf7d3757148b2f80eeff9f079682f0655df66ec8e8"
url = "https://github.com/goreleaser/goreleaser/releases/download/v2.18.1/goreleaser_Linux_x86_64.tar.gz"
url_api = "https://api.github.com/repos/goreleaser/goreleaser/releases/assets/546377081"
provenance = "github-attestations"

[tools.goreleaser."platforms.linux-x64-musl"]
checksum = "sha256:0c6122af0ad8fd65638889bf7d3757148b2f80eeff9f079682f0655df66ec8e8"
url = "https://github.com/goreleaser/goreleaser/releases/download/v2.18.1/goreleaser_Linux_x86_64.tar.gz"
url_api = "https://api.github.com/repos/goreleaser/goreleaser/releases/assets/546377081"
provenance = "github-attestations"

[tools.goreleaser."platforms.macos-arm64"]
checksum = "sha256:d0af1f86c439a59ab06c54c505f66fea1a166093dc91a7c0c8aebe3da1cc13b7"
url = "https://github.com/goreleaser/goreleaser/releases/download/v2.18.1/goreleaser_Darwin_all.tar.gz"
url_api = "https://api.github.com/repos/goreleaser/goreleaser/releases/assets/546377101"
provenance = "github-attestations"

[tools.goreleaser."platforms.macos-x64"]
checksum = "sha256:d0af1f86c439a59ab06c54c505f66fea1a166093dc91a7c0c8aebe3da1cc13b7"
url = "https://github.com/goreleaser/goreleaser/releases/download/v2.18.1/goreleaser_Darwin_all.tar.gz"
url_api = "https://api.github.com/repos/goreleaser/goreleaser/releases/assets/546377101"
provenance = "github-attestations"

[tools.goreleaser."platforms.windows-x64"]
checksum = "sha256:dbb3112f619c4827311b726b3c98047bce69af1ecee99984d55d450c04c471fc"
url = "https://github.com/goreleaser/goreleaser/releases/download/v2.18.1/goreleaser_Windows_x86_64.zip"
url_api = "https://api.github.com/repos/goreleaser/goreleaser/releases/assets/546377158"
provenance = "github-attestations"

[[tools.hadolint]]
version = "2.15.1"
backend = "aqua:hadolint/hadolint"

[tools.hadolint."platforms.linux-arm64"]
checksum = "sha256:f6198ef8090f404dbb771abfee086eb8c48ac177f30da7fd3510aca35b344b5d"
url = "https://github.com/hadolint/hadolint/releases/download/v2.15.1/hadolint-linux-arm64"
url_api = "https://api.github.com/repos/hadolint/hadolint/releases/assets/496546507"
provenance = "github-attestations"

[tools.hadolint."platforms.linux-arm64-musl"]
checksum = "sha256:f6198ef8090f404dbb771abfee086eb8c48ac177f30da7fd3510aca35b344b5d"
url = "https://github.com/hadolint/hadolint/releases/download/v2.15.1/hadolint-linux-arm64"
url_api = "https://api.github.com/repos/hadolint/hadolint/releases/assets/496546507"
provenance = "github-attestations"

[tools.hadolint."platforms.linux-x64"]
checksum = "sha256:c7187db94eeeeca956519a6af171adc31453941a1e777961f6e680f697c8c507"
url = "https://github.com/hadolint/hadolint/releases/download/v2.15.1/hadolint-linux-x86_64"
url_api = "https://api.github.com/repos/hadolint/hadolint/releases/assets/496546506"
provenance = "github-attestations"

[tools.hadolint."platforms.linux-x64-musl"]
checksum = "sha256:c7187db94eeeeca956519a6af171adc31453941a1e777961f6e680f697c8c507"
url = "https://github.com/hadolint/hadolint/releases/download/v2.15.1/hadolint-linux-x86_64"
url_api = "https://api.github.com/repos/hadolint/hadolint/releases/assets/496546506"
provenance = "github-attestations"

[tools.hadolint."platforms.macos-arm64"]
checksum = "sha256:5c09f3213f8e40406abe048233d985eebef336d4a6a20021be47fadb6cf480a2"
url = "https://github.com/hadolint/hadolint/releases/download/v2.15.1/hadolint-macos-arm64"
url_api = "https://api.github.com/repos/hadolint/hadolint/releases/assets/496546505"
provenance = "github-attestations"

[tools.hadolint."platforms.macos-x64"]
checksum = "sha256:ffe9bb18b23d5ed1eae50237aecdbb523d016e96da0bd4e7aa432040acfc3fde"
url = "https://github.com/hadolint/hadolint/releases/download/v2.15.1/hadolint-macos-x86_64"
url_api = "https://api.github.com/repos/hadolint/hadolint/releases/assets/496546509"
provenance = "github-attestations"

[tools.hadolint."platforms.windows-x64"]
checksum = "sha256:01d927294962b5387f9ead4f18679158452be4f17c765ad0bdffe5264b9c7b0a"
url = "https://github.com/hadolint/hadolint/releases/download/v2.15.1/hadolint-windows-x86_64.exe"
url_api = "https://api.github.com/repos/hadolint/hadolint/releases/assets/496546508"
provenance = "github-attestations"

[[tools.hk]]
version = "2.0.0"
backend = "packslip:github.com/jdx/hk"

[tools.hk."platforms.linux-arm64"]
checksum = "sha256:1034ac9e07d7ffc18b58c72c6fe1013bd1e6ab1d8fa421bc4f4ac68ee08cb011"
url = "https://github.com/jdx/hk/releases/download/v2.0.0/hk-aarch64-unknown-linux-gnu.tar.gz"
signer = "sigstore-oidc:https://github.com/jdx/hk/.github/workflows/release.yml"

[tools.hk."platforms.linux-arm64-musl"]
checksum = "sha256:494b4e1c6be73b44cffcead07a97681ec3f1ea72df05a6fbba5a2bfae3648604"
url = "https://github.com/jdx/hk/releases/download/v2.0.0/hk-aarch64-unknown-linux-musl.tar.gz"
signer = "sigstore-oidc:https://github.com/jdx/hk/.github/workflows/release.yml"

[tools.hk."platforms.linux-x64"]
checksum = "sha256:d2cdde7a68dba648b2d25605ceab364074a057fb93618b46ce7ac3e298bfba2c"
url = "https://github.com/jdx/hk/releases/download/v2.0.0/hk-x86_64-unknown-linux-gnu.tar.gz"
signer = "sigstore-oidc:https://github.com/jdx/hk/.github/workflows/release.yml"

[tools.hk."platforms.linux-x64-musl"]
checksum = "sha256:8faf654847d8cc7432012d4b1277ae91b4bca78275f87776f0381aee26d7920d"
url = "https://github.com/jdx/hk/releases/download/v2.0.0/hk-x86_64-unknown-linux-musl.tar.gz"
signer = "sigstore-oidc:https://github.com/jdx/hk/.github/workflows/release.yml"

[tools.hk."platforms.macos-arm64"]
checksum = "sha256:9ee3f4350b321677e5ce291882c6441b153773b32705734d2208f93ac71ce12f"
url = "https://github.com/jdx/hk/releases/download/v2.0.0/hk-aarch64-apple-darwin.tar.gz"
signer = "sigstore-oidc:https://github.com/jdx/hk/.github/workflows/release.yml"

[tools.hk."platforms.windows-x64"]
checksum = "sha256:81fca45c5e7697fdc114080f2fc1ea229bb053b4201a7f4e15e62d1a68820a65"
url = "https://github.com/jdx/hk/releases/download/v2.0.0/hk-x86_64-pc-windows-msvc.zip"
signer = "sigstore-oidc:https://github.com/jdx/hk/.github/workflows/release.yml"

[[tools.jq]]
version = "1.8.2"
backend = "aqua:jqlang/jq"

[tools.jq."platforms.linux-arm64"]
checksum = "sha256:8b85c817833814ddca00a144c33705546355afccf0cf39b188f3cdb48b852309"
url = "https://github.com/jqlang/jq/releases/download/jq-1.8.2/jq-linux-arm64"
url_api = "https://api.github.com/repos/jqlang/jq/releases/assets/453012756"
provenance = "github-attestations"

[tools.jq."platforms.linux-arm64-musl"]
checksum = "sha256:8b85c817833814ddca00a144c33705546355afccf0cf39b188f3cdb48b852309"
url = "https://github.com/jqlang/jq/releases/download/jq-1.8.2/jq-linux-arm64"
url_api = "https://api.github.com/repos/jqlang/jq/releases/assets/453012756"
provenance = "github-attestations"

[tools.jq."platforms.linux-x64"]
checksum = "sha256:b1c22172dd303f3be49e935aa56aa48a8b7a46e0bc838b4997d3bb451495870f"
url = "https://github.com/jqlang/jq/releases/download/jq-1.8.2/jq-linux-amd64"
url_api = "https://api.github.com/repos/jqlang/jq/releases/assets/453012752"
provenance = "github-attestations"

[tools.jq."platforms.linux-x64-musl"]
checksum = "sha256:b1c22172dd303f3be49e935aa56aa48a8b7a46e0bc838b4997d3bb451495870f"
url = "https://github.com/jqlang/jq/releases/download/jq-1.8.2/jq-linux-amd64"
url_api = "https://api.github.com/repos/jqlang/jq/releases/assets/453012752"
provenance = "github-attestations"

[tools.jq."platforms.macos-arm64"]
checksum = "sha256:2d75340ba57a4b4b4c8708a21c2dc8e958a48aaa8bba13b27f77f6e4c0eca07e"
url = "https://github.com/jqlang/jq/releases/download/jq-1.8.2/jq-macos-arm64"
url_api = "https://api.github.com/repos/jqlang/jq/releases/assets/453012783"
provenance = "github-attestations"

[tools.jq."platforms.macos-x64"]
checksum = "sha256:e94b266e3c26690550006abe63152b782280f4e14374accdf04cbde844f00bc0"
url = "https://github.com/jqlang/jq/releases/download/jq-1.8.2/jq-macos-amd64"
url_api = "https://api.github.com/repos/jqlang/jq/releases/assets/453012782"
provenance = "github-attestations"

[tools.jq."platforms.windows-x64"]
checksum = "sha256:a6fc67fedaf9128a3309a1e2ebb8b986aeccf70122ee46d2cb4849e423f0c627"
url = "https://github.com/jqlang/jq/releases/download/jq-1.8.2/jq-windows-amd64.exe"
url_api = "https://api.github.com/repos/jqlang/jq/releases/assets/453012788"
provenance = "github-attestations"

[[tools.rumdl]]
version = "0.2.73"
backend = "aqua:rvben/rumdl"

[tools.rumdl."platforms.linux-arm64"]
checksum = "sha256:83fb9a5899d192b828625f21cb26f8971dc5e6c280a947594db1f0932cb9e7df"
url = "https://github.com/rvben/rumdl/releases/download/v0.2.73/rumdl-v0.2.73-aarch64-unknown-linux-gnu.tar.gz"
url_api = "https://api.github.com/repos/rvben/rumdl/releases/assets/557839622"
provenance = "github-attestations"

[tools.rumdl."platforms.linux-arm64-musl"]
checksum = "sha256:f51548adfc71c4982cb5cc239d847bcd4c884e6ac8dc67efd68efd3eea9753a4"
url = "https://github.com/rvben/rumdl/releases/download/v0.2.73/rumdl-v0.2.73-aarch64-unknown-linux-musl.tar.gz"
url_api = "https://api.github.com/repos/rvben/rumdl/releases/assets/557839618"
provenance = "github-attestations"

[tools.rumdl."platforms.linux-x64"]
checksum = "sha256:d56a8e40471af32fe3229e845f3e299e3691665b15cd4ca28f2deb502c487666"
url = "https://github.com/rvben/rumdl/releases/download/v0.2.73/rumdl-v0.2.73-x86_64-unknown-linux-gnu.tar.gz"
url_api = "https://api.github.com/repos/rvben/rumdl/releases/assets/557839623"
provenance = "github-attestations"

[tools.rumdl."platforms.linux-x64-musl"]
checksum = "sha256:dc4aa9bf98f936f667039224a34fc2e26ddf6be3589bf59d63e4d6b038be4f5c"
url = "https://github.com/rvben/rumdl/releases/download/v0.2.73/rumdl-v0.2.73-x86_64-unknown-linux-musl.tar.gz"
url_api = "https://api.github.com/repos/rvben/rumdl/releases/assets/557839615"
provenance = "github-attestations"

[tools.rumdl."platforms.macos-arm64"]
checksum = "sha256:54e0e7c3031b8bfa37e3c57104cc0c93988e02f5b7023c1804749fd180822f9e"
url = "https://github.com/rvben/rumdl/releases/download/v0.2.73/rumdl-v0.2.73-aarch64-apple-darwin.tar.gz"
url_api = "https://api.github.com/repos/rvben/rumdl/releases/assets/557839617"
provenance = "github-attestations"

[tools.rumdl."platforms.macos-x64"]
checksum = "sha256:ad181073e75df52e982025d1f5a9508ef6588f895ef5f78227301499325ea132"
url = "https://github.com/rvben/rumdl/releases/download/v0.2.73/rumdl-v0.2.73-x86_64-apple-darwin.tar.gz"
url_api = "https://api.github.com/repos/rvben/rumdl/releases/assets/557839628"
provenance = "github-attestations"

[tools.rumdl."platforms.windows-x64"]
checksum = "sha256:bc6c86d61588e9c92ec9927903ed4973986d30b94d042732ddf62424755dd3c8"
url = "https://github.com/rvben/rumdl/releases/download/v0.2.73/rumdl-v0.2.73-x86_64-pc-windows-msvc.zip"
url_api = "https://api.github.com/repos/rvben/rumdl/releases/assets/557839616"
provenance = "github-attestations"

[[tools.zizmor]]
version = "1.30.1"
backend = "aqua:zizmorcore/zizmor"

[tools.zizmor."platforms.linux-arm64"]
checksum = "sha256:7ff1dce33bdd18fd2a4affe63bdd47efcccca97b2cec1c1863ec26e9e2647540"
url = "https://github.com/zizmorcore/zizmor/releases/download/v1.30.1/zizmor-aarch64-unknown-linux-gnu.tar.gz"
url_api = "https://api.github.com/repos/zizmorcore/zizmor/releases/assets/552067643"
provenance = "github-attestations"

[tools.zizmor."platforms.linux-arm64-musl"]
provenance = "github-attestations"

[tools.zizmor."platforms.linux-x64"]
checksum = "sha256:e65324f4430c2717591937edcec90ccbefaf14c174f8ec9415e03ca875b46e1a"
url = "https://github.com/zizmorcore/zizmor/releases/download/v1.30.1/zizmor-x86_64-unknown-linux-gnu.tar.gz"
url_api = "https://api.github.com/repos/zizmorcore/zizmor/releases/assets/552067642"
provenance = "github-attestations"

[tools.zizmor."platforms.linux-x64-musl"]
provenance = "github-attestations"

[tools.zizmor."platforms.macos-arm64"]
checksum = "sha256:e28d22b087f9ebb8d99da6e740d348c930f559961c7c3f12badda54f882195a2"
url = "https://github.com/zizmorcore/zizmor/releases/download/v1.30.1/zizmor-aarch64-apple-darwin.tar.gz"
url_api = "https://api.github.com/repos/zizmorcore/zizmor/releases/assets/552067640"
provenance = "github-attestations"

[tools.zizmor."platforms.macos-x64"]
checksum = "sha256:10e6b18b11ea07e515a16f0f0518c7b07527bc9977c1fd5698181ce7f3554202"
url = "https://github.com/zizmorcore/zizmor/releases/download/v1.30.1/zizmor-x86_64-apple-darwin.tar.gz"
url_api = "https://api.github.com/repos/zizmorcore/zizmor/releases/assets/552067641"
provenance = "github-attestations"

[tools.zizmor."platforms.windows-x64"]
checksum = "sha256:b183b1e996eddfab9659f1e9b46e059f1ef1cf984a1f14e5da09f7876a4b3a1c"
url = "https://github.com/zizmorcore/zizmor/releases/download/v1.30.1/zizmor-x86_64-pc-windows-msvc.zip"
url_api = "https://api.github.com/repos/zizmorcore/zizmor/releases/assets/552067645"
provenance = "github-attestations"
